PODS:
  - Alamofire (5.2.2)
  - lottie-ios (3.1.8)
  - NMapsMap (3.8.0)
  - RxCocoa (5.1.1):
    - RxRelay (~> 5)
    - RxSwift (~> 5)
  - RxKeyboard (1.0.0):
    - RxCocoa (~> 5.0)
    - RxSwift (~> 5.0)
  - RxRelay (5.1.1):
    - RxSwift (~> 5)
  - RxSwift (5.1.1)
  - SnapKit (5.0.1)
  - Socket.IO-Client-Swift (15.2.0):
    - Starscream (~> 3.1)
  - Starscream (3.1.1)
  - SwiftKeychainWrapper (4.0.1)
  - SwiftyJSON (5.0.0)
  - Then (2.6.0)

DEPENDENCIES:
  - Alamofire
  - lottie-ios
  - NMapsMap
  - RxCocoa
  - RxKeyboard
  - RxSwift
  - SnapKit
  - Socket.IO-Client-Swift
  - Starscream
  - SwiftKeychainWrapper
  - SwiftyJSON
  - Then

SPEC REPOS:
  trunk:
    - Alamofire
    - lottie-ios
    - NMapsMap
    - RxCocoa
    - RxKeyboard
    - RxRelay
    - RxSwift
    - SnapKit
    - Socket.IO-Client-Swift
    - Starscream
    - SwiftKeychainWrapper
    - SwiftyJSON
    - Then

SPEC CHECKSUMS:
  Alamofire: 814429acc853c6c54ff123fc3d2ef66803823ce0
  lottie-ios: 48fac6be217c76937e36e340e2d09cf7b10b7f5f
  NMapsMap: b3633ad688483a318be9293aeddd323a714fb08b
  RxCocoa: 32065309a38d29b5b0db858819b5bf9ef038b601
  RxKeyboard: 6683c4344304a00f943c158bd8a43ce5469c82a7
  RxRelay: d77f7d771495f43c556cbc43eebd1bb54d01e8e9
  RxSwift: 81470a2074fa8780320ea5fe4102807cb7118178
  SnapKit: 97b92857e3df3a0c71833cce143274bf6ef8e5eb
  Socket.IO-Client-Swift: 1e3e3a1f09f3312a167f0d781eb2f383d477357c
  Starscream: 4bb2f9942274833f7b4d296a55504dcfc7edb7b0
  SwiftKeychainWrapper: 807ba1d63c33a7d0613288512399cd1eda1e470c
  SwiftyJSON: 36413e04c44ee145039d332b4f4e2d3e8d6c4db7
  Then: 90cd104fd951cec1980a03f57704ad8f784d4d79

PODFILE CHECKSUM: ff522e9a957b1e77f51f02ca1af9f43d853bc991

COCOAPODS: 1.9.1
