// !$*UTF8*$!
{
	archiveVersion = 1;
	classes = {
	};
	objectVersion = 51;
	objects = {

/* Begin PBXBuildFile section */
		8E7C8A978621D2D74141175E /* Pods_MannaDemo.framework in Frameworks */ = {isa = PBXBuildFile; fileRef = 746C721A3B03AF62EF85DC20 /* Pods_MannaDemo.framework */; };
		A5155632254029BE00487BEF /* RegisterUserViewController.swift in Sources */ = {isa = PBXBuildFile; fileRef = A5155631254029BE00487BEF /* RegisterUserViewController.swift */; };
		A515563925404C9500487BEF /* MapViewController.swift in Sources */ = {isa = PBXBuildFile; fileRef = A515563825404C9500487BEF /* MapViewController.swift */; };
		A52A1C3A255BA162000794A5 /* RankingViewController.swift in Sources */ = {isa = PBXBuildFile; fileRef = A52A1C39255BA162000794A5 /* RankingViewController.swift */; };
		A52A1C3D255BA239000794A5 /* RankingViewCell.swift in Sources */ = {isa = PBXBuildFile; fileRef = A52A1C3C255BA239000794A5 /* RankingViewCell.swift */; };
		A52A1C40255BAA3C000794A5 /* Ranking.swift in Sources */ = {isa = PBXBuildFile; fileRef = A52A1C3F255BAA3C000794A5 /* Ranking.swift */; };
		A52A1C47255BBB23000794A5 /* Medal.swift in Sources */ = {isa = PBXBuildFile; fileRef = A52A1C46255BBB23000794A5 /* Medal.swift */; };
		A53774BF2561655400C0A91B /* UserState.swift in Sources */ = {isa = PBXBuildFile; fileRef = A53774BE2561655400C0A91B /* UserState.swift */; };
		A53774C32561876F00C0A91B /* PushKit.framework in Frameworks */ = {isa = PBXBuildFile; fileRef = A53774C22561876F00C0A91B /* PushKit.framework */; };
		A53774E62562E2F100C0A91B /* getDeviceToken.swift in Sources */ = {isa = PBXBuildFile; fileRef = A53774E52562E2F100C0A91B /* getDeviceToken.swift */; };
		A53817E62552803000ACD946 /* UITextField+Ext.swift in Sources */ = {isa = PBXBuildFile; fileRef = A53817E52552803000ACD946 /* UITextField+Ext.swift */; };
		A53817E92552AA1E00ACD946 /* UILabel+Ext.swift in Sources */ = {isa = PBXBuildFile; fileRef = A53817E82552AA1E00ACD946 /* UILabel+Ext.swift */; };
		A543EAF52555C5A7005363B8 /* SocketMessage.swift in Sources */ = {isa = PBXBuildFile; fileRef = A543EAF42555C5A7005363B8 /* SocketMessage.swift */; };
		A5822B15255022C50085B55A /* MannaAPI.swift in Sources */ = {isa = PBXBuildFile; fileRef = A5822B14255022C50085B55A /* MannaAPI.swift */; };
		A5968F702564DF7700013D2E /* InputBar.swift in Sources */ = {isa = PBXBuildFile; fileRef = A5968F6F2564DF7600013D2E /* InputBar.swift */; };
		A5A0F05A25514A0900A11EEF /* ChattingViewController.swift in Sources */ = {isa = PBXBuildFile; fileRef = A5A0F05925514A0900A11EEF /* ChattingViewController.swift */; };
		A5A0F05D25514A1400A11EEF /* ChatCell.swift in Sources */ = {isa = PBXBuildFile; fileRef = A5A0F05C25514A1400A11EEF /* ChatCell.swift */; };
		A5A0F0602551593300A11EEF /* UIColor+Ext.swift in Sources */ = {isa = PBXBuildFile; fileRef = A5A0F05F2551593300A11EEF /* UIColor+Ext.swift */; };
		A5A0F06325515C1900A11EEF /* ChatMessage.swift in Sources */ = {isa = PBXBuildFile; fileRef = A5A0F06225515C1900A11EEF /* ChatMessage.swift */; };
		A5D48F1A2542A60F00399462 /* Marker.swift in Sources */ = {isa = PBXBuildFile; fileRef = A5D48F192542A60F00399462 /* Marker.swift */; };
		A5D48F212542AD9B00399462 /* UIView+Ext.swift in Sources */ = {isa = PBXBuildFile; fileRef = A5D48F202542AD9B00399462 /* UIView+Ext.swift */; };
		A5D48F252542AE3B00399462 /* UserView.swift in Sources */ = {isa = PBXBuildFile; fileRef = A5D48F242542AE3B00399462 /* UserView.swift */; };
		A5F82CE92556811B009A8AC5 /* MannaList.swift in Sources */ = {isa = PBXBuildFile; fileRef = A5F82CE82556811B009A8AC5 /* MannaList.swift */; };
		CC0F50282564DF2F000026AE /* RenderingView.swift in Sources */ = {isa = PBXBuildFile; fileRef = CC0F50272564DF2F000026AE /* RenderingView.swift */; };
		CC107739255464D300908D71 /* TravelData.swift in Sources */ = {isa = PBXBuildFile; fileRef = CC107738255464D300908D71 /* TravelData.swift */; };
		CC1CC96B254297BF0020D4C5 /* BottomSheetViewController.swift in Sources */ = {isa = PBXBuildFile; fileRef = CC1CC96A254297BF0020D4C5 /* BottomSheetViewController.swift */; };
		CC1CC96E25429F080020D4C5 /* none6.swift in Sources */ = {isa = PBXBuildFile; fileRef = CC1CC96D25429F080020D4C5 /* none6.swift */; };
		CC1CC97125429F490020D4C5 /* none7.swift in Sources */ = {isa = PBXBuildFile; fileRef = CC1CC97025429F490020D4C5 /* none7.swift */; };
		CC21A7DC255BA03900E31F77 /* CGFloat.swift in Sources */ = {isa = PBXBuildFile; fileRef = CC21A7DB255BA03900E31F77 /* CGFloat.swift */; };
		CC21A7F5255BB21A00E31F77 /* none3.swift in Sources */ = {isa = PBXBuildFile; fileRef = CC21A7F4255BB21A00E31F77 /* none3.swift */; };
		CC41A0872548157C00C0E762 /* MannaDemo.swift in Sources */ = {isa = PBXBuildFile; fileRef = CC41A0862548157C00C0E762 /* MannaDemo.swift */; };
		CC41A0A32548448800C0E762 /* 12670-flying-airplane.json in Resources */ = {isa = PBXBuildFile; fileRef = CC41A0A22548448800C0E762 /* 12670-flying-airplane.json */; };
		CC46AE74255C015B0053F221 /* NotoSansKR-Bold.otf in Resources */ = {isa = PBXBuildFile; fileRef = CC46AE72255C015B0053F221 /* NotoSansKR-Bold.otf */; };
		CC46AE75255C015B0053F221 /* NotoSansKR-Medium.otf in Resources */ = {isa = PBXBuildFile; fileRef = CC46AE73255C015B0053F221 /* NotoSansKR-Medium.otf */; };
		CC748312255058A2006C1E02 /* BottomTabView.swift in Sources */ = {isa = PBXBuildFile; fileRef = CC748311255058A2006C1E02 /* BottomTabView.swift */; };
		CC74831525511F0C006C1E02 /* none2.swift in Sources */ = {isa = PBXBuildFile; fileRef = CC74831425511F0C006C1E02 /* none2.swift */; };
		CC748319255124FB006C1E02 /* none.swift in Sources */ = {isa = PBXBuildFile; fileRef = CC748318255124FB006C1E02 /* none.swift */; };
		CC74831C25513098006C1E02 /* none5.swift in Sources */ = {isa = PBXBuildFile; fileRef = CC74831B25513098006C1E02 /* none5.swift */; };
		CC74832C255164E7006C1E02 /* none4.swift in Sources */ = {isa = PBXBuildFile; fileRef = CC74832B255164E7006C1E02 /* none4.swift */; };
		CC79E4AE2555B4DE001C726F /* SocketData.swift in Sources */ = {isa = PBXBuildFile; fileRef = CC79E4AD2555B4DE001C726F /* SocketData.swift */; };
		CC8A0B2325540BAD00063790 /* TimerView.swift in Sources */ = {isa = PBXBuildFile; fileRef = CC8A0B2225540BAD00063790 /* TimerView.swift */; };
		CC8A0B5A2554605F00063790 /* MapView+NaverMap.swift in Sources */ = {isa = PBXBuildFile; fileRef = CC8A0B592554605F00063790 /* MapView+NaverMap.swift */; };
		CC8A0B5E2554609B00063790 /* MapView+CLocation.swift in Sources */ = {isa = PBXBuildFile; fileRef = CC8A0B5D2554609B00063790 /* MapView+CLocation.swift */; };
		CC8A0B652554611B00063790 /* MapView+Collectionview.swift in Sources */ = {isa = PBXBuildFile; fileRef = CC8A0B642554611B00063790 /* MapView+Collectionview.swift */; };
		CC8B845B2540231A00441445 /* AppDelegate.swift in Sources */ = {isa = PBXBuildFile; fileRef = CC8B845A2540231A00441445 /* AppDelegate.swift */; };
		CC8B845D2540231A00441445 /* SceneDelegate.swift in Sources */ = {isa = PBXBuildFile; fileRef = CC8B845C2540231A00441445 /* SceneDelegate.swift */; };
		CC8B845F2540231A00441445 /* ViewController.swift in Sources */ = {isa = PBXBuildFile; fileRef = CC8B845E2540231A00441445 /* ViewController.swift */; };
		CC8B84622540231A00441445 /* Main.storyboard in Resources */ = {isa = PBXBuildFile; fileRef = CC8B84602540231A00441445 /* Main.storyboard */; };
		CC8B84642540231A00441445 /* Assets.xcassets in Resources */ = {isa = PBXBuildFile; fileRef = CC8B84632540231A00441445 /* Assets.xcassets */; };
		CC8B84672540231A00441445 /* LaunchScreen.storyboard in Resources */ = {isa = PBXBuildFile; fileRef = CC8B84652540231A00441445 /* LaunchScreen.storyboard */; };
		CC95D6882567B17200B799EE /* NotoSansKR-Regular.otf in Resources */ = {isa = PBXBuildFile; fileRef = CC95D6872567B17200B799EE /* NotoSansKR-Regular.otf */; };
		CCA5F9D32566539D00CFB999 /* BottomBar.swift in Sources */ = {isa = PBXBuildFile; fileRef = CCA5F9D22566539D00CFB999 /* BottomBar.swift */; };
		CCA5FA1325669FD300CFB999 /* TopBar.swift in Sources */ = {isa = PBXBuildFile; fileRef = CCA5FA1225669FD300CFB999 /* TopBar.swift */; };
		CCC19F9A255D34200092DD05 /* Int+Ext.swift in Sources */ = {isa = PBXBuildFile; fileRef = CCC19F99255D34200092DD05 /* Int+Ext.swift */; };
		CCD8DDC4255E478900BA7D7E /* MapPresenter.swift in Sources */ = {isa = PBXBuildFile; fileRef = CCD8DDC3255E478900BA7D7E /* MapPresenter.swift */; };
		CCE75254254028FE008E0BA1 /* MannaListViewController.swift in Sources */ = {isa = PBXBuildFile; fileRef = CCE75253254028FE008E0BA1 /* MannaListViewController.swift */; };
		CCE7525925402DE5008E0BA1 /* MannaListTableViewCell.swift in Sources */ = {isa = PBXBuildFile; fileRef = CCE7525825402DE5008E0BA1 /* MannaListTableViewCell.swift */; };
		CCE7525D254034EB008E0BA1 /* CreateMannaViewController.swift in Sources */ = {isa = PBXBuildFile; fileRef = CCE7525C254034EA008E0BA1 /* CreateMannaViewController.swift */; };
		CCEC0F0E2541D9330028B497 /* User.swift in Sources */ = {isa = PBXBuildFile; fileRef = CCEC0F0D2541D9330028B497 /* User.swift */; };
		CCF3BC552540446500C7F718 /* Manna.swift in Sources */ = {isa = PBXBuildFile; fileRef = CCF3BC542540446500C7F718 /* Manna.swift */; };
		CCF3BC59254046BA00C7F718 /* MannaModel.swift in Sources */ = {isa = PBXBuildFile; fileRef = CCF3BC58254046BA00C7F718 /* MannaModel.swift */; };
/* End PBXBuildFile section */

/* Begin PBXFileReference section */
		12E1B65D9483B6E9E3DCA74F /* Pods-MannaDemo.release.xcconfig */ = {isa = PBXFileReference; includeInIndex = 1; lastKnownFileType = text.xcconfig; name = "Pods-MannaDemo.release.xcconfig"; path = "Target Support Files/Pods-MannaDemo/Pods-MannaDemo.release.xcconfig"; sourceTree = "<group>"; };
		746C721A3B03AF62EF85DC20 /* Pods_MannaDemo.framework */ = {isa = PBXFileReference; explicitFileType = wrapper.framework; includeInIndex = 0; path = Pods_MannaDemo.framework; sourceTree = BUILT_PRODUCTS_DIR; };
		A5155631254029BE00487BEF /* RegisterUserViewController.swift */ = {isa = PBXFileReference; lastKnownFileType = sourcecode.swift; path = RegisterUserViewController.swift; sourceTree = "<group>"; };
		A515563825404C9500487BEF /* MapViewController.swift */ = {isa = PBXFileReference; lastKnownFileType = sourcecode.swift; path = MapViewController.swift; sourceTree = "<group>"; };
		A52A1C39255BA162000794A5 /* RankingViewController.swift */ = {isa = PBXFileReference; lastKnownFileType = sourcecode.swift; path = RankingViewController.swift; sourceTree = "<group>"; };
		A52A1C3C255BA239000794A5 /* RankingViewCell.swift */ = {isa = PBXFileReference; lastKnownFileType = sourcecode.swift; path = RankingViewCell.swift; sourceTree = "<group>"; };
		A52A1C3F255BAA3C000794A5 /* Ranking.swift */ = {isa = PBXFileReference; lastKnownFileType = sourcecode.swift; path = Ranking.swift; sourceTree = "<group>"; };
		A52A1C46255BBB23000794A5 /* Medal.swift */ = {isa = PBXFileReference; lastKnownFileType = sourcecode.swift; path = Medal.swift; sourceTree = "<group>"; };
		A537747D2560043E00C0A91B /* MannaDemo.entitlements */ = {isa = PBXFileReference; lastKnownFileType = text.plist.entitlements; path = MannaDemo.entitlements; sourceTree = "<group>"; };
		A53774BE2561655400C0A91B /* UserState.swift */ = {isa = PBXFileReference; lastKnownFileType = sourcecode.swift; path = UserState.swift; sourceTree = "<group>"; };
		A53774C22561876F00C0A91B /* PushKit.framework */ = {isa = PBXFileReference; lastKnownFileType = wrapper.framework; name = PushKit.framework; path = System/Library/Frameworks/PushKit.framework; sourceTree = SDKROOT; };
		A53774E52562E2F100C0A91B /* getDeviceToken.swift */ = {isa = PBXFileReference; lastKnownFileType = sourcecode.swift; path = getDeviceToken.swift; sourceTree = "<group>"; };
		A53817E52552803000ACD946 /* UITextField+Ext.swift */ = {isa = PBXFileReference; lastKnownFileType = sourcecode.swift; path = "UITextField+Ext.swift"; sourceTree = "<group>"; };
		A53817E82552AA1E00ACD946 /* UILabel+Ext.swift */ = {isa = PBXFileReference; lastKnownFileType = sourcecode.swift; path = "UILabel+Ext.swift"; sourceTree = "<group>"; };
		A543EAF42555C5A7005363B8 /* SocketMessage.swift */ = {isa = PBXFileReference; lastKnownFileType = sourcecode.swift; path = SocketMessage.swift; sourceTree = "<group>"; };
		A5822B14255022C50085B55A /* MannaAPI.swift */ = {isa = PBXFileReference; lastKnownFileType = sourcecode.swift; path = MannaAPI.swift; sourceTree = "<group>"; };
		A5968F6F2564DF7600013D2E /* InputBar.swift */ = {isa = PBXFileReference; lastKnownFileType = sourcecode.swift; path = InputBar.swift; sourceTree = "<group>"; };
		A5A0F05925514A0900A11EEF /* ChattingViewController.swift */ = {isa = PBXFileReference; lastKnownFileType = sourcecode.swift; path = ChattingViewController.swift; sourceTree = "<group>"; };
		A5A0F05C25514A1400A11EEF /* ChatCell.swift */ = {isa = PBXFileReference; lastKnownFileType = sourcecode.swift; path = ChatCell.swift; sourceTree = "<group>"; };
		A5A0F05F2551593300A11EEF /* UIColor+Ext.swift */ = {isa = PBXFileReference; lastKnownFileType = sourcecode.swift; path = "UIColor+Ext.swift"; sourceTree = "<group>"; };
		A5A0F06225515C1900A11EEF /* ChatMessage.swift */ = {isa = PBXFileReference; lastKnownFileType = sourcecode.swift; path = ChatMessage.swift; sourceTree = "<group>"; };
		A5D48F192542A60F00399462 /* Marker.swift */ = {isa = PBXFileReference; lastKnownFileType = sourcecode.swift; path = Marker.swift; sourceTree = "<group>"; };
		A5D48F202542AD9B00399462 /* UIView+Ext.swift */ = {isa = PBXFileReference; lastKnownFileType = sourcecode.swift; path = "UIView+Ext.swift"; sourceTree = "<group>"; };
		A5D48F242542AE3B00399462 /* UserView.swift */ = {isa = PBXFileReference; lastKnownFileType = sourcecode.swift; path = UserView.swift; sourceTree = "<group>"; };
		A5F82CE82556811B009A8AC5 /* MannaList.swift */ = {isa = PBXFileReference; lastKnownFileType = sourcecode.swift; path = MannaList.swift; sourceTree = "<group>"; };
		CC0F50272564DF2F000026AE /* RenderingView.swift */ = {isa = PBXFileReference; lastKnownFileType = sourcecode.swift; path = RenderingView.swift; sourceTree = "<group>"; };
		CC107738255464D300908D71 /* TravelData.swift */ = {isa = PBXFileReference; lastKnownFileType = sourcecode.swift; path = TravelData.swift; sourceTree = "<group>"; };
		CC1CC96A254297BF0020D4C5 /* BottomSheetViewController.swift */ = {isa = PBXFileReference; lastKnownFileType = sourcecode.swift; path = BottomSheetViewController.swift; sourceTree = "<group>"; };
		CC1CC96D25429F080020D4C5 /* none6.swift */ = {isa = PBXFileReference; lastKnownFileType = sourcecode.swift; path = none6.swift; sourceTree = "<group>"; };
		CC1CC97025429F490020D4C5 /* none7.swift */ = {isa = PBXFileReference; lastKnownFileType = sourcecode.swift; path = none7.swift; sourceTree = "<group>"; };
		CC21A7DB255BA03900E31F77 /* CGFloat.swift */ = {isa = PBXFileReference; lastKnownFileType = sourcecode.swift; path = CGFloat.swift; sourceTree = "<group>"; };
		CC21A7F4255BB21A00E31F77 /* none3.swift */ = {isa = PBXFileReference; lastKnownFileType = sourcecode.swift; path = none3.swift; sourceTree = "<group>"; };
		CC41A0862548157C00C0E762 /* MannaDemo.swift */ = {isa = PBXFileReference; lastKnownFileType = sourcecode.swift; path = MannaDemo.swift; sourceTree = "<group>"; };
		CC41A0A22548448800C0E762 /* 12670-flying-airplane.json */ = {isa = PBXFileReference; fileEncoding = 4; lastKnownFileType = text.json; path = "12670-flying-airplane.json"; sourceTree = "<group>"; };
		CC46AE72255C015B0053F221 /* NotoSansKR-Bold.otf */ = {isa = PBXFileReference; lastKnownFileType = file; path = "NotoSansKR-Bold.otf"; sourceTree = "<group>"; };
		CC46AE73255C015B0053F221 /* NotoSansKR-Medium.otf */ = {isa = PBXFileReference; lastKnownFileType = file; path = "NotoSansKR-Medium.otf"; sourceTree = "<group>"; };
		CC748311255058A2006C1E02 /* BottomTabView.swift */ = {isa = PBXFileReference; lastKnownFileType = sourcecode.swift; path = BottomTabView.swift; sourceTree = "<group>"; };
		CC74831425511F0C006C1E02 /* none2.swift */ = {isa = PBXFileReference; lastKnownFileType = sourcecode.swift; path = none2.swift; sourceTree = "<group>"; };
		CC748318255124FB006C1E02 /* none.swift */ = {isa = PBXFileReference; lastKnownFileType = sourcecode.swift; path = none.swift; sourceTree = "<group>"; };
		CC74831B25513098006C1E02 /* none5.swift */ = {isa = PBXFileReference; lastKnownFileType = sourcecode.swift; path = none5.swift; sourceTree = "<group>"; };
		CC74832B255164E7006C1E02 /* none4.swift */ = {isa = PBXFileReference; lastKnownFileType = sourcecode.swift; path = none4.swift; sourceTree = "<group>"; };
		CC79E4AD2555B4DE001C726F /* SocketData.swift */ = {isa = PBXFileReference; lastKnownFileType = sourcecode.swift; path = SocketData.swift; sourceTree = "<group>"; };
		CC8A0B2225540BAD00063790 /* TimerView.swift */ = {isa = PBXFileReference; lastKnownFileType = sourcecode.swift; path = TimerView.swift; sourceTree = "<group>"; };
		CC8A0B592554605F00063790 /* MapView+NaverMap.swift */ = {isa = PBXFileReference; lastKnownFileType = sourcecode.swift; path = "MapView+NaverMap.swift"; sourceTree = "<group>"; };
		CC8A0B5D2554609B00063790 /* MapView+CLocation.swift */ = {isa = PBXFileReference; lastKnownFileType = sourcecode.swift; path = "MapView+CLocation.swift"; sourceTree = "<group>"; };
		CC8A0B642554611B00063790 /* MapView+Collectionview.swift */ = {isa = PBXFileReference; lastKnownFileType = sourcecode.swift; path = "MapView+Collectionview.swift"; sourceTree = "<group>"; };
		CC8B84572540231900441445 /* MannaDemo.app */ = {isa = PBXFileReference; explicitFileType = wrapper.application; includeInIndex = 0; path = MannaDemo.app; sourceTree = BUILT_PRODUCTS_DIR; };
		CC8B845A2540231A00441445 /* AppDelegate.swift */ = {isa = PBXFileReference; lastKnownFileType = sourcecode.swift; path = AppDelegate.swift; sourceTree = "<group>"; };
		CC8B845C2540231A00441445 /* SceneDelegate.swift */ = {isa = PBXFileReference; lastKnownFileType = sourcecode.swift; path = SceneDelegate.swift; sourceTree = "<group>"; };
		CC8B845E2540231A00441445 /* ViewController.swift */ = {isa = PBXFileReference; lastKnownFileType = sourcecode.swift; path = ViewController.swift; sourceTree = "<group>"; };
		CC8B84612540231A00441445 /* Base */ = {isa = PBXFileReference; lastKnownFileType = file.storyboard; name = Base; path = Base.lproj/Main.storyboard; sourceTree = "<group>"; };
		CC8B84632540231A00441445 /* Assets.xcassets */ = {isa = PBXFileReference; lastKnownFileType = folder.assetcatalog; path = Assets.xcassets; sourceTree = "<group>"; };
		CC8B84662540231A00441445 /* Base */ = {isa = PBXFileReference; lastKnownFileType = file.storyboard; name = Base; path = Base.lproj/LaunchScreen.storyboard; sourceTree = "<group>"; };
		CC8B84682540231A00441445 /* Info.plist */ = {isa = PBXFileReference; lastKnownFileType = text.plist.xml; path = Info.plist; sourceTree = "<group>"; };
		CC95D6872567B17200B799EE /* NotoSansKR-Regular.otf */ = {isa = PBXFileReference; lastKnownFileType = file; path = "NotoSansKR-Regular.otf"; sourceTree = "<group>"; };
		CCA5F9D22566539D00CFB999 /* BottomBar.swift */ = {isa = PBXFileReference; lastKnownFileType = sourcecode.swift; path = BottomBar.swift; sourceTree = "<group>"; };
		CCA5FA1225669FD300CFB999 /* TopBar.swift */ = {isa = PBXFileReference; lastKnownFileType = sourcecode.swift; path = TopBar.swift; sourceTree = "<group>"; };
		CCC19F99255D34200092DD05 /* Int+Ext.swift */ = {isa = PBXFileReference; lastKnownFileType = sourcecode.swift; path = "Int+Ext.swift"; sourceTree = "<group>"; };
		CCD8DDC3255E478900BA7D7E /* MapPresenter.swift */ = {isa = PBXFileReference; lastKnownFileType = sourcecode.swift; path = MapPresenter.swift; sourceTree = "<group>"; };
		CCE75253254028FE008E0BA1 /* MannaListViewController.swift */ = {isa = PBXFileReference; lastKnownFileType = sourcecode.swift; path = MannaListViewController.swift; sourceTree = "<group>"; };
		CCE7525825402DE5008E0BA1 /* MannaListTableViewCell.swift */ = {isa = PBXFileReference; lastKnownFileType = sourcecode.swift; path = MannaListTableViewCell.swift; sourceTree = "<group>"; };
		CCE7525C254034EA008E0BA1 /* CreateMannaViewController.swift */ = {isa = PBXFileReference; lastKnownFileType = sourcecode.swift; path = CreateMannaViewController.swift; sourceTree = "<group>"; };
		CCEC0F0D2541D9330028B497 /* User.swift */ = {isa = PBXFileReference; lastKnownFileType = sourcecode.swift; path = User.swift; sourceTree = "<group>"; };
		CCF3BC542540446500C7F718 /* Manna.swift */ = {isa = PBXFileReference; lastKnownFileType = sourcecode.swift; path = Manna.swift; sourceTree = "<group>"; };
		CCF3BC58254046BA00C7F718 /* MannaModel.swift */ = {isa = PBXFileReference; lastKnownFileType = sourcecode.swift; path = MannaModel.swift; sourceTree = "<group>"; };
		F05EEAB596BC60F316DCC8BA /* Pods-MannaDemo.debug.xcconfig */ = {isa = PBXFileReference; includeInIndex = 1; lastKnownFileType = text.xcconfig; name = "Pods-MannaDemo.debug.xcconfig"; path = "Target Support Files/Pods-MannaDemo/Pods-MannaDemo.debug.xcconfig"; sourceTree = "<group>"; };
/* End PBXFileReference section */

/* Begin PBXFrameworksBuildPhase section */
		CC8B84542540231900441445 /* Frameworks */ = {
			isa = PBXFrameworksBuildPhase;
			buildActionMask = 2147483647;
			files = (
				A53774C32561876F00C0A91B /* PushKit.framework in Frameworks */,
				8E7C8A978621D2D74141175E /* Pods_MannaDemo.framework in Frameworks */,
			);
			runOnlyForDeploymentPostprocessing = 0;
		};
/* End PBXFrameworksBuildPhase section */

/* Begin PBXGroup section */
		2D48418C432AD12EF6B54211 /* Pods */ = {
			isa = PBXGroup;
			children = (
				F05EEAB596BC60F316DCC8BA /* Pods-MannaDemo.debug.xcconfig */,
				12E1B65D9483B6E9E3DCA74F /* Pods-MannaDemo.release.xcconfig */,
			);
			path = Pods;
			sourceTree = "<group>";
		};
		9BC61FB96D6AEB5AB853DE98 /* Frameworks */ = {
			isa = PBXGroup;
			children = (
				A53774C22561876F00C0A91B /* PushKit.framework */,
				746C721A3B03AF62EF85DC20 /* Pods_MannaDemo.framework */,
			);
			name = Frameworks;
			sourceTree = "<group>";
		};
		A515562B2540290600487BEF /* RegisterUser */ = {
			isa = PBXGroup;
			children = (
				A5155631254029BE00487BEF /* RegisterUserViewController.swift */,
			);
			path = RegisterUser;
			sourceTree = "<group>";
		};
		A515563725404C5700487BEF /* Map */ = {
			isa = PBXGroup;
			children = (
				A515563825404C9500487BEF /* MapViewController.swift */,
				CCD8DDC3255E478900BA7D7E /* MapPresenter.swift */,
				CC8A0B5C2554606F00063790 /* MapView+Ext */,
				CC8A0B672554616200063790 /* Component */,
				CCF3BC532540444600C7F718 /* Entity */,
			);
			path = Map;
			sourceTree = "<group>";
		};
		A5A0F058255149DE00A11EEF /* Chat */ = {
			isa = PBXGroup;
			children = (
				A5A0F05925514A0900A11EEF /* ChattingViewController.swift */,
				A5A0F05C25514A1400A11EEF /* ChatCell.swift */,
			);
			path = Chat;
			sourceTree = "<group>";
		};
		A5D48F182542A5FB00399462 /* Component */ = {
			isa = PBXGroup;
			children = (
				A5D48F192542A60F00399462 /* Marker.swift */,
				A5D48F242542AE3B00399462 /* UserView.swift */,
			);
			path = Component;
			sourceTree = "<group>";
		};
		A5D48F1F2542AD8600399462 /* Extension */ = {
			isa = PBXGroup;
			children = (
				A5D48F202542AD9B00399462 /* UIView+Ext.swift */,
				CC41A0862548157C00C0E762 /* MannaDemo.swift */,
				A5A0F05F2551593300A11EEF /* UIColor+Ext.swift */,
				A53817E52552803000ACD946 /* UITextField+Ext.swift */,
				A53817E82552AA1E00ACD946 /* UILabel+Ext.swift */,
				CC21A7DB255BA03900E31F77 /* CGFloat.swift */,
				CCC19F99255D34200092DD05 /* Int+Ext.swift */,
			);
			path = Extension;
			sourceTree = "<group>";
		};
		CC41A0A52548449200C0E762 /* lottie */ = {
			isa = PBXGroup;
			children = (
				CC41A0A22548448800C0E762 /* 12670-flying-airplane.json */,
			);
			path = lottie;
			sourceTree = "<group>";
		};
		CC46AE71255C014A0053F221 /* Font */ = {
			isa = PBXGroup;
			children = (
				CC95D6872567B17200B799EE /* NotoSansKR-Regular.otf */,
				CC46AE72255C015B0053F221 /* NotoSansKR-Bold.otf */,
				CC46AE73255C015B0053F221 /* NotoSansKR-Medium.otf */,
			);
			path = Font;
			sourceTree = "<group>";
		};
		CC8A0B5C2554606F00063790 /* MapView+Ext */ = {
			isa = PBXGroup;
			children = (
				CC8A0B592554605F00063790 /* MapView+NaverMap.swift */,
				CC8A0B5D2554609B00063790 /* MapView+CLocation.swift */,
				CC8A0B642554611B00063790 /* MapView+Collectionview.swift */,
			);
			path = "MapView+Ext";
			sourceTree = "<group>";
		};
		CC8A0B672554616200063790 /* Component */ = {
			isa = PBXGroup;
			children = (
				CC748311255058A2006C1E02 /* BottomTabView.swift */,
				CC1CC96A254297BF0020D4C5 /* BottomSheetViewController.swift */,
				CC8A0B2225540BAD00063790 /* TimerView.swift */,
				A52A1C39255BA162000794A5 /* RankingViewController.swift */,
				A52A1C3C255BA239000794A5 /* RankingViewCell.swift */,
				A52A1C46255BBB23000794A5 /* Medal.swift */,
				CC748318255124FB006C1E02 /* none.swift */,
				CC74831425511F0C006C1E02 /* none2.swift */,
				CC21A7F4255BB21A00E31F77 /* none3.swift */,
				CC74832B255164E7006C1E02 /* none4.swift */,
				CC74831B25513098006C1E02 /* none5.swift */,
				CC1CC96D25429F080020D4C5 /* none6.swift */,
				CC1CC97025429F490020D4C5 /* none7.swift */,
				A53774E52562E2F100C0A91B /* getDeviceToken.swift */,
				CCA5F9D22566539D00CFB999 /* BottomBar.swift */,
				CCA5FA1225669FD300CFB999 /* TopBar.swift */,
				A5968F6F2564DF7600013D2E /* InputBar.swift */,
				CC0F50272564DF2F000026AE /* RenderingView.swift */,
			);
			path = Component;
			sourceTree = "<group>";
		};
		CC8B844E2540231900441445 = {
			isa = PBXGroup;
			children = (
				CC8B84592540231900441445 /* MannaDemo */,
				CC8B84582540231900441445 /* Products */,
				2D48418C432AD12EF6B54211 /* Pods */,
				9BC61FB96D6AEB5AB853DE98 /* Frameworks */,
			);
			sourceTree = "<group>";
		};
		CC8B84582540231900441445 /* Products */ = {
			isa = PBXGroup;
			children = (
				CC8B84572540231900441445 /* MannaDemo.app */,
			);
			name = Products;
			sourceTree = "<group>";
		};
		CC8B84592540231900441445 /* MannaDemo */ = {
			isa = PBXGroup;
			children = (
				A537747D2560043E00C0A91B /* MannaDemo.entitlements */,
				CC46AE71255C014A0053F221 /* Font */,
				CC41A0A52548449200C0E762 /* lottie */,
				A5D48F1F2542AD8600399462 /* Extension */,
				A5D48F182542A5FB00399462 /* Component */,
				A515563725404C5700487BEF /* Map */,
				CCE752492540288F008E0BA1 /* MannaList */,
				A515562B2540290600487BEF /* RegisterUser */,
				A5A0F058255149DE00A11EEF /* Chat */,
				CC8B845C2540231A00441445 /* SceneDelegate.swift */,
				CC8B845A2540231A00441445 /* AppDelegate.swift */,
				CC8B845E2540231A00441445 /* ViewController.swift */,
				CC8B84602540231A00441445 /* Main.storyboard */,
				CC8B84632540231A00441445 /* Assets.xcassets */,
				CC8B84652540231A00441445 /* LaunchScreen.storyboard */,
				CC8B84682540231A00441445 /* Info.plist */,
			);
			path = MannaDemo;
			sourceTree = "<group>";
		};
		CCE752492540288F008E0BA1 /* MannaList */ = {
			isa = PBXGroup;
			children = (
				CCE7525725402DCF008E0BA1 /* Component */,
				CCE75253254028FE008E0BA1 /* MannaListViewController.swift */,
				CCE7525C254034EA008E0BA1 /* CreateMannaViewController.swift */,
			);
			path = MannaList;
			sourceTree = "<group>";
		};
		CCE7525725402DCF008E0BA1 /* Component */ = {
			isa = PBXGroup;
			children = (
				CCE7525825402DE5008E0BA1 /* MannaListTableViewCell.swift */,
			);
			path = Component;
			sourceTree = "<group>";
		};
		CCF3BC532540444600C7F718 /* Entity */ = {
			isa = PBXGroup;
			children = (
				CCF3BC542540446500C7F718 /* Manna.swift */,
				CCF3BC58254046BA00C7F718 /* MannaModel.swift */,
				CCEC0F0D2541D9330028B497 /* User.swift */,
				A5822B14255022C50085B55A /* MannaAPI.swift */,
				A5A0F06225515C1900A11EEF /* ChatMessage.swift */,
				CC107738255464D300908D71 /* TravelData.swift */,
				CC79E4AD2555B4DE001C726F /* SocketData.swift */,
				A543EAF42555C5A7005363B8 /* SocketMessage.swift */,
				A5F82CE82556811B009A8AC5 /* MannaList.swift */,
				A52A1C3F255BAA3C000794A5 /* Ranking.swift */,
				A53774BE2561655400C0A91B /* UserState.swift */,
			);
			path = Entity;
			sourceTree = "<group>";
		};
/* End PBXGroup section */

/* Begin PBXNativeTarget section */
		CC8B84562540231900441445 /* MannaDemo */ = {
			isa = PBXNativeTarget;
			buildConfigurationList = CC8B846B2540231A00441445 /* Build configuration list for PBXNativeTarget "MannaDemo" */;
			buildPhases = (
				6F5ABE9B779A87F083BB527A /* [CP] Check Pods Manifest.lock */,
				CC8B84532540231900441445 /* Sources */,
				CC8B84542540231900441445 /* Frameworks */,
				CC8B84552540231900441445 /* Resources */,
				6A825E37AA16546978FAF9C4 /* [CP] Embed Pods Frameworks */,
			);
			buildRules = (
			);
			dependencies = (
			);
			name = MannaDemo;
			productName = MannaDemo;
			productReference = CC8B84572540231900441445 /* MannaDemo.app */;
			productType = "com.apple.product-type.application";
		};
/* End PBXNativeTarget section */

/* Begin PBXProject section */
		CC8B844F2540231900441445 /* Project object */ = {
			isa = PBXProject;
			attributes = {
				LastSwiftUpdateCheck = 1200;
				LastUpgradeCheck = 1200;
				TargetAttributes = {
					CC8B84562540231900441445 = {
						CreatedOnToolsVersion = 12.0.1;
					};
				};
			};
			buildConfigurationList = CC8B84522540231900441445 /* Build configuration list for PBXProject "MannaDemo" */;
			compatibilityVersion = "Xcode 9.3";
			developmentRegion = en;
			hasScannedForEncodings = 0;
			knownRegions = (
				en,
				Base,
			);
			mainGroup = CC8B844E2540231900441445;
			productRefGroup = CC8B84582540231900441445 /* Products */;
			projectDirPath = "";
			projectRoot = "";
			targets = (
				CC8B84562540231900441445 /* MannaDemo */,
			);
		};
/* End PBXProject section */

/* Begin PBXResourcesBuildPhase section */
		CC8B84552540231900441445 /* Resources */ = {
			isa = PBXResourcesBuildPhase;
			buildActionMask = 2147483647;
			files = (
				CC46AE75255C015B0053F221 /* NotoSansKR-Medium.otf in Resources */,
				CC8B84672540231A00441445 /* LaunchScreen.storyboard in Resources */,
				CC41A0A32548448800C0E762 /* 12670-flying-airplane.json in Resources */,
				CC8B84642540231A00441445 /* Assets.xcassets in Resources */,
				CC8B84622540231A00441445 /* Main.storyboard in Resources */,
				CC46AE74255C015B0053F221 /* NotoSansKR-Bold.otf in Resources */,
				CC95D6882567B17200B799EE /* NotoSansKR-Regular.otf in Resources */,
			);
			runOnlyForDeploymentPostprocessing = 0;
		};
/* End PBXResourcesBuildPhase section */

/* Begin PBXShellScriptBuildPhase section */
		6A825E37AA16546978FAF9C4 /* [CP] Embed Pods Frameworks */ = {
			isa = PBXShellScriptBuildPhase;
			buildActionMask = 2147483647;
			files = (
			);
			inputFileListPaths = (
				"${PODS_ROOT}/Target Support Files/Pods-MannaDemo/Pods-MannaDemo-frameworks-${CONFIGURATION}-input-files.xcfilelist",
			);
			name = "[CP] Embed Pods Frameworks";
			outputFileListPaths = (
				"${PODS_ROOT}/Target Support Files/Pods-MannaDemo/Pods-MannaDemo-frameworks-${CONFIGURATION}-output-files.xcfilelist",
			);
			runOnlyForDeploymentPostprocessing = 0;
			shellPath = /bin/sh;
			shellScript = "\"${PODS_ROOT}/Target Support Files/Pods-MannaDemo/Pods-MannaDemo-frameworks.sh\"\n";
			showEnvVarsInLog = 0;
		};
		6F5ABE9B779A87F083BB527A /* [CP] Check Pods Manifest.lock */ = {
			isa = PBXShellScriptBuildPhase;
			buildActionMask = 2147483647;
			files = (
			);
			inputFileListPaths = (
			);
			inputPaths = (
				"${PODS_PODFILE_DIR_PATH}/Podfile.lock",
				"${PODS_ROOT}/Manifest.lock",
			);
			name = "[CP] Check Pods Manifest.lock";
			outputFileListPaths = (
			);
			outputPaths = (
				"$(DERIVED_FILE_DIR)/Pods-MannaDemo-checkManifestLockResult.txt",
			);
			runOnlyForDeploymentPostprocessing = 0;
			shellPath = /bin/sh;
			shellScript = "diff \"${PODS_PODFILE_DIR_PATH}/Podfile.lock\" \"${PODS_ROOT}/Manifest.lock\" > /dev/null\nif [ $? != 0 ] ; then\n    # print error to STDERR\n    echo \"error: The sandbox is not in sync with the Podfile.lock. Run 'pod install' or update your CocoaPods installation.\" >&2\n    exit 1\nfi\n# This output is used by Xcode 'outputs' to avoid re-running this script phase.\necho \"SUCCESS\" > \"${SCRIPT_OUTPUT_FILE_0}\"\n";
			showEnvVarsInLog = 0;
		};
/* End PBXShellScriptBuildPhase section */

/* Begin PBXSourcesBuildPhase section */
		CC8B84532540231900441445 /* Sources */ = {
			isa = PBXSourcesBuildPhase;
			buildActionMask = 2147483647;
			files = (
				A53774E62562E2F100C0A91B /* getDeviceToken.swift in Sources */,
				CC0F50282564DF2F000026AE /* RenderingView.swift in Sources */,
				CC74832C255164E7006C1E02 /* none4.swift in Sources */,
				A5968F702564DF7700013D2E /* InputBar.swift in Sources */,
				A5155632254029BE00487BEF /* RegisterUserViewController.swift in Sources */,
				A5D48F212542AD9B00399462 /* UIView+Ext.swift in Sources */,
				A5D48F252542AE3B00399462 /* UserView.swift in Sources */,
				A5822B15255022C50085B55A /* MannaAPI.swift in Sources */,
				CCF3BC552540446500C7F718 /* Manna.swift in Sources */,
				CCF3BC59254046BA00C7F718 /* MannaModel.swift in Sources */,
				CCD8DDC4255E478900BA7D7E /* MapPresenter.swift in Sources */,
				CC74831C25513098006C1E02 /* none5.swift in Sources */,
				CC21A7DC255BA03900E31F77 /* CGFloat.swift in Sources */,
				CC8B845F2540231A00441445 /* ViewController.swift in Sources */,
				CC8B845B2540231A00441445 /* AppDelegate.swift in Sources */,
				CCE7525D254034EB008E0BA1 /* CreateMannaViewController.swift in Sources */,
				A5A0F06325515C1900A11EEF /* ChatMessage.swift in Sources */,
				CCC19F9A255D34200092DD05 /* Int+Ext.swift in Sources */,
				CC107739255464D300908D71 /* TravelData.swift in Sources */,
				A52A1C40255BAA3C000794A5 /* Ranking.swift in Sources */,
				A53774BF2561655400C0A91B /* UserState.swift in Sources */,
				CC79E4AE2555B4DE001C726F /* SocketData.swift in Sources */,
				CCE75254254028FE008E0BA1 /* MannaListViewController.swift in Sources */,
				A5A0F0602551593300A11EEF /* UIColor+Ext.swift in Sources */,
				A5A0F05A25514A0900A11EEF /* ChattingViewController.swift in Sources */,
				CC41A0872548157C00C0E762 /* MannaDemo.swift in Sources */,
				A5F82CE92556811B009A8AC5 /* MannaList.swift in Sources */,
				CC8B845D2540231A00441445 /* SceneDelegate.swift in Sources */,
				A5A0F05D25514A1400A11EEF /* ChatCell.swift in Sources */,
				CC8A0B5A2554605F00063790 /* MapView+NaverMap.swift in Sources */,
				CC8A0B652554611B00063790 /* MapView+Collectionview.swift in Sources */,
				CC74831525511F0C006C1E02 /* none2.swift in Sources */,
				CCE7525925402DE5008E0BA1 /* MannaListTableViewCell.swift in Sources */,
				A543EAF52555C5A7005363B8 /* SocketMessage.swift in Sources */,
				CCA5FA1325669FD300CFB999 /* TopBar.swift in Sources */,
				A53817E92552AA1E00ACD946 /* UILabel+Ext.swift in Sources */,
				A52A1C47255BBB23000794A5 /* Medal.swift in Sources */,
				CCA5F9D32566539D00CFB999 /* BottomBar.swift in Sources */,
				A53817E62552803000ACD946 /* UITextField+Ext.swift in Sources */,
				CC748319255124FB006C1E02 /* none.swift in Sources */,
				CC21A7F5255BB21A00E31F77 /* none3.swift in Sources */,
				CC8A0B2325540BAD00063790 /* TimerView.swift in Sources */,
				CC748312255058A2006C1E02 /* BottomTabView.swift in Sources */,
				CC1CC97125429F490020D4C5 /* none7.swift in Sources */,
				CC1CC96E25429F080020D4C5 /* none6.swift in Sources */,
				A515563925404C9500487BEF /* MapViewController.swift in Sources */,
				CCEC0F0E2541D9330028B497 /* User.swift in Sources */,
				CC1CC96B254297BF0020D4C5 /* BottomSheetViewController.swift in Sources */,
				A5D48F1A2542A60F00399462 /* Marker.swift in Sources */,
				CC8A0B5E2554609B00063790 /* MapView+CLocation.swift in Sources */,
				A52A1C3D255BA239000794A5 /* RankingViewCell.swift in Sources */,
				A52A1C3A255BA162000794A5 /* RankingViewController.swift in Sources */,
			);
			runOnlyForDeploymentPostprocessing = 0;
		};
/* End PBXSourcesBuildPhase section */

/* Begin PBXVariantGroup section */
		CC8B84602540231A00441445 /* Main.storyboard */ = {
			isa = PBXVariantGroup;
			children = (
				CC8B84612540231A00441445 /* Base */,
			);
			name = Main.storyboard;
			sourceTree = "<group>";
		};
		CC8B84652540231A00441445 /* LaunchScreen.storyboard */ = {
			isa = PBXVariantGroup;
			children = (
				CC8B84662540231A00441445 /* Base */,
			);
			name = LaunchScreen.storyboard;
			sourceTree = "<group>";
		};
/* End PBXVariantGroup section */

/* Begin XCBuildConfiguration section */
		CC8B84692540231A00441445 /* Debug */ = {
			isa = XCBuildConfiguration;
			buildSettings = {
				ALWAYS_SEARCH_USER_PATHS = NO;
				CLANG_ANALYZER_NONNULL = YES;
				CLANG_ANALYZER_NUMBER_OBJECT_CONVERSION = YES_AGGRESSIVE;
				CLANG_CXX_LANGUAGE_STANDARD = "gnu++14";
				CLANG_CXX_LIBRARY = "libc++";
				CLANG_ENABLE_MODULES = YES;
				CLANG_ENABLE_OBJC_ARC = YES;
				CLANG_ENABLE_OBJC_WEAK = YES;
				CLANG_WARN_BLOCK_CAPTURE_AUTORELEASING = YES;
				CLANG_WARN_BOOL_CONVERSION = YES;
				CLANG_WARN_COMMA = YES;
				CLANG_WARN_CONSTANT_CONVERSION = YES;
				CLANG_WARN_DEPRECATED_OBJC_IMPLEMENTATIONS = YES;
				CLANG_WARN_DIRECT_OBJC_ISA_USAGE = YES_ERROR;
				CLANG_WARN_DOCUMENTATION_COMMENTS = YES;
				CLANG_WARN_EMPTY_BODY = YES;
				CLANG_WARN_ENUM_CONVERSION = YES;
				CLANG_WARN_INFINITE_RECURSION = YES;
				CLANG_WARN_INT_CONVERSION = YES;
				CLANG_WARN_NON_LITERAL_NULL_CONVERSION = YES;
				CLANG_WARN_OBJC_IMPLICIT_RETAIN_SELF = YES;
				CLANG_WARN_OBJC_LITERAL_CONVERSION = YES;
				CLANG_WARN_OBJC_ROOT_CLASS = YES_ERROR;
				CLANG_WARN_QUOTED_INCLUDE_IN_FRAMEWORK_HEADER = YES;
				CLANG_WARN_RANGE_LOOP_ANALYSIS = YES;
				CLANG_WARN_STRICT_PROTOTYPES = YES;
				CLANG_WARN_SUSPICIOUS_MOVE = YES;
				CLANG_WARN_UNGUARDED_AVAILABILITY = YES_AGGRESSIVE;
				CLANG_WARN_UNREACHABLE_CODE = YES;
				CLANG_WARN__DUPLICATE_METHOD_MATCH = YES;
				CODE_SIGN_ENTITLEMENTS = "";
				COPY_PHASE_STRIP = NO;
				DEBUG_INFORMATION_FORMAT = dwarf;
				ENABLE_STRICT_OBJC_MSGSEND = YES;
				ENABLE_TESTABILITY = YES;
				GCC_C_LANGUAGE_STANDARD = gnu11;
				GCC_DYNAMIC_NO_PIC = NO;
				GCC_NO_COMMON_BLOCKS = YES;
				GCC_OPTIMIZATION_LEVEL = 0;
				GCC_PREPROCESSOR_DEFINITIONS = (
					"DEBUG=1",
					"$(inherited)",
				);
				GCC_WARN_64_TO_32_BIT_CONVERSION = YES;
				GCC_WARN_ABOUT_RETURN_TYPE = YES_ERROR;
				GCC_WARN_UNDECLARED_SELECTOR = YES;
				GCC_WARN_UNINITIALIZED_AUTOS = YES_AGGRESSIVE;
				GCC_WARN_UNUSED_FUNCTION = YES;
				GCC_WARN_UNUSED_VARIABLE = YES;
				IPHONEOS_DEPLOYMENT_TARGET = 13.0;
				MTL_ENABLE_DEBUG_INFO = INCLUDE_SOURCE;
				MTL_FAST_MATH = YES;
				ONLY_ACTIVE_ARCH = YES;
				SDKROOT = iphoneos;
				SWIFT_ACTIVE_COMPILATION_CONDITIONS = DEBUG;
				SWIFT_OPTIMIZATION_LEVEL = "-Onone";
			};
			name = Debug;
		};
		CC8B846A2540231A00441445 /* Release */ = {
			isa = XCBuildConfiguration;
			buildSettings = {
				ALWAYS_SEARCH_USER_PATHS = NO;
				CLANG_ANALYZER_NONNULL = YES;
				CLANG_ANALYZER_NUMBER_OBJECT_CONVERSION = YES_AGGRESSIVE;
				CLANG_CXX_LANGUAGE_STANDARD = "gnu++14";
				CLANG_CXX_LIBRARY = "libc++";
				CLANG_ENABLE_MODULES = YES;
				CLANG_ENABLE_OBJC_ARC = YES;
				CLANG_ENABLE_OBJC_WEAK = YES;
				CLANG_WARN_BLOCK_CAPTURE_AUTORELEASING = YES;
				CLANG_WARN_BOOL_CONVERSION = YES;
				CLANG_WARN_COMMA = YES;
				CLANG_WARN_CONSTANT_CONVERSION = YES;
				CLANG_WARN_DEPRECATED_OBJC_IMPLEMENTATIONS = YES;
				CLANG_WARN_DIRECT_OBJC_ISA_USAGE = YES_ERROR;
				CLANG_WARN_DOCUMENTATION_COMMENTS = YES;
				CLANG_WARN_EMPTY_BODY = YES;
				CLANG_WARN_ENUM_CONVERSION = YES;
				CLANG_WARN_INFINITE_RECURSION = YES;
				CLANG_WARN_INT_CONVERSION = YES;
				CLANG_WARN_NON_LITERAL_NULL_CONVERSION = YES;
				CLANG_WARN_OBJC_IMPLICIT_RETAIN_SELF = YES;
				CLANG_WARN_OBJC_LITERAL_CONVERSION = YES;
				CLANG_WARN_OBJC_ROOT_CLASS = YES_ERROR;
				CLANG_WARN_QUOTED_INCLUDE_IN_FRAMEWORK_HEADER = YES;
				CLANG_WARN_RANGE_LOOP_ANALYSIS = YES;
				CLANG_WARN_STRICT_PROTOTYPES = YES;
				CLANG_WARN_SUSPICIOUS_MOVE = YES;
				CLANG_WARN_UNGUARDED_AVAILABILITY = YES_AGGRESSIVE;
				CLANG_WARN_UNREACHABLE_CODE = YES;
				CLANG_WARN__DUPLICATE_METHOD_MATCH = YES;
				CODE_SIGN_ENTITLEMENTS = "";
				COPY_PHASE_STRIP = NO;
				DEBUG_INFORMATION_FORMAT = "dwarf-with-dsym";
				ENABLE_NS_ASSERTIONS = NO;
				ENABLE_STRICT_OBJC_MSGSEND = YES;
				GCC_C_LANGUAGE_STANDARD = gnu11;
				GCC_NO_COMMON_BLOCKS = YES;
				GCC_WARN_64_TO_32_BIT_CONVERSION = YES;
				GCC_WARN_ABOUT_RETURN_TYPE = YES_ERROR;
				GCC_WARN_UNDECLARED_SELECTOR = YES;
				GCC_WARN_UNINITIALIZED_AUTOS = YES_AGGRESSIVE;
				GCC_WARN_UNUSED_FUNCTION = YES;
				GCC_WARN_UNUSED_VARIABLE = YES;
				IPHONEOS_DEPLOYMENT_TARGET = 13.0;
				MTL_ENABLE_DEBUG_INFO = NO;
				MTL_FAST_MATH = YES;
				ONLY_ACTIVE_ARCH = YES;
				SDKROOT = iphoneos;
				SWIFT_COMPILATION_MODE = wholemodule;
				SWIFT_OPTIMIZATION_LEVEL = "-O";
				VALIDATE_PRODUCT = YES;
			};
			name = Release;
		};
		CC8B846C2540231A00441445 /* Debug */ = {
			isa = XCBuildConfiguration;
			baseConfigurationReference = F05EEAB596BC60F316DCC8BA /* Pods-MannaDemo.debug.xcconfig */;
			buildSettings = {
				ASSETCATALOG_COMPILER_APPICON_NAME = AppIcon;
				ASSETCATALOG_COMPILER_GLOBAL_ACCENT_COLOR_NAME = AccentColor;
				CODE_SIGN_ENTITLEMENTS = MannaDemo/MannaDemo.entitlements;
				CODE_SIGN_STYLE = Automatic;
				DEVELOPMENT_TEAM = DH7PS64634;
				INFOPLIST_FILE = MannaDemo/Info.plist;
				LD_RUNPATH_SEARCH_PATHS = (
					"$(inherited)",
					"@executable_path/Frameworks",
				);
				PRODUCT_BUNDLE_IDENTIFIER = com.MannaDemo;
				PRODUCT_NAME = "$(TARGET_NAME)";
				SWIFT_VERSION = 5.0;
				TARGETED_DEVICE_FAMILY = "1,2";
			};
			name = Debug;
		};
		CC8B846D2540231A00441445 /* Release */ = {
			isa = XCBuildConfiguration;
			baseConfigurationReference = 12E1B65D9483B6E9E3DCA74F /* Pods-MannaDemo.release.xcconfig */;
			buildSettings = {
				ASSETCATALOG_COMPILER_APPICON_NAME = AppIcon;
				ASSETCATALOG_COMPILER_GLOBAL_ACCENT_COLOR_NAME = AccentColor;
				CODE_SIGN_ENTITLEMENTS = MannaDemo/MannaDemo.entitlements;
				CODE_SIGN_STYLE = Automatic;
				DEVELOPMENT_TEAM = DH7PS64634;
				INFOPLIST_FILE = MannaDemo/Info.plist;
				LD_RUNPATH_SEARCH_PATHS = (
					"$(inherited)",
					"@executable_path/Frameworks",
				);
				PRODUCT_BUNDLE_IDENTIFIER = com.MannaDemo;
				PRODUCT_NAME = "$(TARGET_NAME)";
				SWIFT_VERSION = 5.0;
				TARGETED_DEVICE_FAMILY = "1,2";
			};
			name = Release;
		};
/* End XCBuildConfiguration section */

/* Begin XCConfigurationList section */
		CC8B84522540231900441445 /* Build configuration list for PBXProject "MannaDemo" */ = {
			isa = XCConfigurationList;
			buildConfigurations = (
				CC8B84692540231A00441445 /* Debug */,
				CC8B846A2540231A00441445 /* Release */,
			);
			defaultConfigurationIsVisible = 0;
			defaultConfigurationName = Release;
		};
		CC8B846B2540231A00441445 /* Build configuration list for PBXNativeTarget "MannaDemo" */ = {
			isa = XCConfigurationList;
			buildConfigurations = (
				CC8B846C2540231A00441445 /* Debug */,
				CC8B846D2540231A00441445 /* Release */,
			);
			defaultConfigurationIsVisible = 0;
			defaultConfigurationName = Release;
		};
/* End XCConfigurationList section */
	};
	rootObject = CC8B844F2540231900441445 /* Project object */;
}
