// !$*UTF8*$!
{
	archiveVersion = 1;
	classes = {
	};
	objectVersion = 51;
	objects = {

/* Begin PBXBuildFile section */
		8E7C8A978621D2D74141175E /* Pods_MannaDemo.framework in Frameworks */ = {isa = PBXBuildFile; fileRef = 746C721A3B03AF62EF85DC20 /* Pods_MannaDemo.framework */; };
		A5155632254029BE00487BEF /* RegisterUserViewController.swift in Sources */ = {isa = PBXBuildFile; fileRef = A5155631254029BE00487BEF /* RegisterUserViewController.swift */; };
		A515563925404C9500487BEF /* MapViewController.swift in Sources */ = {isa = PBXBuildFile; fileRef = A515563825404C9500487BEF /* MapViewController.swift */; };
		A549EDD42543510900EC65E3 /* ShowToast.swift in Sources */ = {isa = PBXBuildFile; fileRef = A549EDD32543510900EC65E3 /* ShowToast.swift */; };
		A5D48F1A2542A60F00399462 /* Marker.swift in Sources */ = {isa = PBXBuildFile; fileRef = A5D48F192542A60F00399462 /* Marker.swift */; };
		A5D48F212542AD9B00399462 /* UIView+Ext.swift in Sources */ = {isa = PBXBuildFile; fileRef = A5D48F202542AD9B00399462 /* UIView+Ext.swift */; };
		A5D48F252542AE3B00399462 /* UserView.swift in Sources */ = {isa = PBXBuildFile; fileRef = A5D48F242542AE3B00399462 /* UserView.swift */; };
		CC1CC96B254297BF0020D4C5 /* BottomSheetViewController.swift in Sources */ = {isa = PBXBuildFile; fileRef = CC1CC96A254297BF0020D4C5 /* BottomSheetViewController.swift */; };
		CC1CC96E25429F080020D4C5 /* MannaCollectionView.swift in Sources */ = {isa = PBXBuildFile; fileRef = CC1CC96D25429F080020D4C5 /* MannaCollectionView.swift */; };
		CC1CC97125429F490020D4C5 /* MannaCollectionViewCell.swift in Sources */ = {isa = PBXBuildFile; fileRef = CC1CC97025429F490020D4C5 /* MannaCollectionViewCell.swift */; };
		CC2500B72541F09D00D630D8 /* UUID.swift in Sources */ = {isa = PBXBuildFile; fileRef = CC2500B62541F09D00D630D8 /* UUID.swift */; };
		CC8B845B2540231A00441445 /* AppDelegate.swift in Sources */ = {isa = PBXBuildFile; fileRef = CC8B845A2540231A00441445 /* AppDelegate.swift */; };
		CC8B845D2540231A00441445 /* SceneDelegate.swift in Sources */ = {isa = PBXBuildFile; fileRef = CC8B845C2540231A00441445 /* SceneDelegate.swift */; };
		CC8B845F2540231A00441445 /* ViewController.swift in Sources */ = {isa = PBXBuildFile; fileRef = CC8B845E2540231A00441445 /* ViewController.swift */; };
		CC8B84622540231A00441445 /* Main.storyboard in Resources */ = {isa = PBXBuildFile; fileRef = CC8B84602540231A00441445 /* Main.storyboard */; };
		CC8B84642540231A00441445 /* Assets.xcassets in Resources */ = {isa = PBXBuildFile; fileRef = CC8B84632540231A00441445 /* Assets.xcassets */; };
		CC8B84672540231A00441445 /* LaunchScreen.storyboard in Resources */ = {isa = PBXBuildFile; fileRef = CC8B84652540231A00441445 /* LaunchScreen.storyboard */; };
		CCE75254254028FE008E0BA1 /* MannaListViewController.swift in Sources */ = {isa = PBXBuildFile; fileRef = CCE75253254028FE008E0BA1 /* MannaListViewController.swift */; };
		CCE7525925402DE5008E0BA1 /* MannaListTableViewCell.swift in Sources */ = {isa = PBXBuildFile; fileRef = CCE7525825402DE5008E0BA1 /* MannaListTableViewCell.swift */; };
		CCE7525D254034EB008E0BA1 /* CreateMannaViewController.swift in Sources */ = {isa = PBXBuildFile; fileRef = CCE7525C254034EA008E0BA1 /* CreateMannaViewController.swift */; };
		CCEC0F0E2541D9330028B497 /* User.swift in Sources */ = {isa = PBXBuildFile; fileRef = CCEC0F0D2541D9330028B497 /* User.swift */; };
		CCF3BC552540446500C7F718 /* Manna.swift in Sources */ = {isa = PBXBuildFile; fileRef = CCF3BC542540446500C7F718 /* Manna.swift */; };
		CCF3BC59254046BA00C7F718 /* MannaModel.swift in Sources */ = {isa = PBXBuildFile; fileRef = CCF3BC58254046BA00C7F718 /* MannaModel.swift */; };
/* End PBXBuildFile section */

/* Begin PBXFileReference section */
		12E1B65D9483B6E9E3DCA74F /* Pods-MannaDemo.release.xcconfig */ = {isa = PBXFileReference; includeInIndex = 1; lastKnownFileType = text.xcconfig; name = "Pods-MannaDemo.release.xcconfig"; path = "Target Support Files/Pods-MannaDemo/Pods-MannaDemo.release.xcconfig"; sourceTree = "<group>"; };
		746C721A3B03AF62EF85DC20 /* Pods_MannaDemo.framework */ = {isa = PBXFileReference; explicitFileType = wrapper.framework; includeInIndex = 0; path = Pods_MannaDemo.framework; sourceTree = BUILT_PRODUCTS_DIR; };
		A5155631254029BE00487BEF /* RegisterUserViewController.swift */ = {isa = PBXFileReference; lastKnownFileType = sourcecode.swift; path = RegisterUserViewController.swift; sourceTree = "<group>"; };
		A515563825404C9500487BEF /* MapViewController.swift */ = {isa = PBXFileReference; lastKnownFileType = sourcecode.swift; path = MapViewController.swift; sourceTree = "<group>"; };
		A549EDD32543510900EC65E3 /* ShowToast.swift */ = {isa = PBXFileReference; lastKnownFileType = sourcecode.swift; path = ShowToast.swift; sourceTree = "<group>"; };
		A5D48F192542A60F00399462 /* Marker.swift */ = {isa = PBXFileReference; lastKnownFileType = sourcecode.swift; path = Marker.swift; sourceTree = "<group>"; };
		A5D48F202542AD9B00399462 /* UIView+Ext.swift */ = {isa = PBXFileReference; lastKnownFileType = sourcecode.swift; path = "UIView+Ext.swift"; sourceTree = "<group>"; };
		A5D48F242542AE3B00399462 /* UserView.swift */ = {isa = PBXFileReference; lastKnownFileType = sourcecode.swift; path = UserView.swift; sourceTree = "<group>"; };
		CC1CC96A254297BF0020D4C5 /* BottomSheetViewController.swift */ = {isa = PBXFileReference; lastKnownFileType = sourcecode.swift; path = BottomSheetViewController.swift; sourceTree = "<group>"; };
		CC1CC96D25429F080020D4C5 /* MannaCollectionView.swift */ = {isa = PBXFileReference; lastKnownFileType = sourcecode.swift; path = MannaCollectionView.swift; sourceTree = "<group>"; };
		CC1CC97025429F490020D4C5 /* MannaCollectionViewCell.swift */ = {isa = PBXFileReference; lastKnownFileType = sourcecode.swift; path = MannaCollectionViewCell.swift; sourceTree = "<group>"; };
		CC2500B62541F09D00D630D8 /* UUID.swift */ = {isa = PBXFileReference; lastKnownFileType = sourcecode.swift; path = UUID.swift; sourceTree = "<group>"; };
		CC8B84572540231900441445 /* MannaDemo.app */ = {isa = PBXFileReference; explicitFileType = wrapper.application; includeInIndex = 0; path = MannaDemo.app; sourceTree = BUILT_PRODUCTS_DIR; };
		CC8B845A2540231A00441445 /* AppDelegate.swift */ = {isa = PBXFileReference; lastKnownFileType = sourcecode.swift; path = AppDelegate.swift; sourceTree = "<group>"; };
		CC8B845C2540231A00441445 /* SceneDelegate.swift */ = {isa = PBXFileReference; lastKnownFileType = sourcecode.swift; path = SceneDelegate.swift; sourceTree = "<group>"; };
		CC8B845E2540231A00441445 /* ViewController.swift */ = {isa = PBXFileReference; lastKnownFileType = sourcecode.swift; path = ViewController.swift; sourceTree = "<group>"; };
		CC8B84612540231A00441445 /* Base */ = {isa = PBXFileReference; lastKnownFileType = file.storyboard; name = Base; path = Base.lproj/Main.storyboard; sourceTree = "<group>"; };
		CC8B84632540231A00441445 /* Assets.xcassets */ = {isa = PBXFileReference; lastKnownFileType = folder.assetcatalog; path = Assets.xcassets; sourceTree = "<group>"; };
		CC8B84662540231A00441445 /* Base */ = {isa = PBXFileReference; lastKnownFileType = file.storyboard; name = Base; path = Base.lproj/LaunchScreen.storyboard; sourceTree = "<group>"; };
		CC8B84682540231A00441445 /* Info.plist */ = {isa = PBXFileReference; lastKnownFileType = text.plist.xml; path = Info.plist; sourceTree = "<group>"; };
		CCE75253254028FE008E0BA1 /* MannaListViewController.swift */ = {isa = PBXFileReference; lastKnownFileType = sourcecode.swift; path = MannaListViewController.swift; sourceTree = "<group>"; };
		CCE7525825402DE5008E0BA1 /* MannaListTableViewCell.swift */ = {isa = PBXFileReference; lastKnownFileType = sourcecode.swift; path = MannaListTableViewCell.swift; sourceTree = "<group>"; };
		CCE7525C254034EA008E0BA1 /* CreateMannaViewController.swift */ = {isa = PBXFileReference; lastKnownFileType = sourcecode.swift; path = CreateMannaViewController.swift; sourceTree = "<group>"; };
		CCEC0F0D2541D9330028B497 /* User.swift */ = {isa = PBXFileReference; lastKnownFileType = sourcecode.swift; path = User.swift; sourceTree = "<group>"; };
		CCF3BC542540446500C7F718 /* Manna.swift */ = {isa = PBXFileReference; lastKnownFileType = sourcecode.swift; path = Manna.swift; sourceTree = "<group>"; };
		CCF3BC58254046BA00C7F718 /* MannaModel.swift */ = {isa = PBXFileReference; lastKnownFileType = sourcecode.swift; path = MannaModel.swift; sourceTree = "<group>"; };
		F05EEAB596BC60F316DCC8BA /* Pods-MannaDemo.debug.xcconfig */ = {isa = PBXFileReference; includeInIndex = 1; lastKnownFileType = text.xcconfig; name = "Pods-MannaDemo.debug.xcconfig"; path = "Target Support Files/Pods-MannaDemo/Pods-MannaDemo.debug.xcconfig"; sourceTree = "<group>"; };
/* End PBXFileReference section */

/* Begin PBXFrameworksBuildPhase section */
		CC8B84542540231900441445 /* Frameworks */ = {
			isa = PBXFrameworksBuildPhase;
			buildActionMask = 2147483647;
			files = (
				8E7C8A978621D2D74141175E /* Pods_MannaDemo.framework in Frameworks */,
			);
			runOnlyForDeploymentPostprocessing = 0;
		};
/* End PBXFrameworksBuildPhase section */

/* Begin PBXGroup section */
		2D48418C432AD12EF6B54211 /* Pods */ = {
			isa = PBXGroup;
			children = (
				F05EEAB596BC60F316DCC8BA /* Pods-MannaDemo.debug.xcconfig */,
				12E1B65D9483B6E9E3DCA74F /* Pods-MannaDemo.release.xcconfig */,
			);
			path = Pods;
			sourceTree = "<group>";
		};
		9BC61FB96D6AEB5AB853DE98 /* Frameworks */ = {
			isa = PBXGroup;
			children = (
				746C721A3B03AF62EF85DC20 /* Pods_MannaDemo.framework */,
			);
			name = Frameworks;
			sourceTree = "<group>";
		};
		A515562B2540290600487BEF /* RegisterUser */ = {
			isa = PBXGroup;
			children = (
				A5155631254029BE00487BEF /* RegisterUserViewController.swift */,
			);
			path = RegisterUser;
			sourceTree = "<group>";
		};
		A515563725404C5700487BEF /* Map */ = {
			isa = PBXGroup;
			children = (
				A515563825404C9500487BEF /* MapViewController.swift */,
				CC1CC96A254297BF0020D4C5 /* BottomSheetViewController.swift */,
				CC1CC96D25429F080020D4C5 /* MannaCollectionView.swift */,
				CC1CC97025429F490020D4C5 /* MannaCollectionViewCell.swift */,
			);
			path = Map;
			sourceTree = "<group>";
		};
		A5D48F182542A5FB00399462 /* Component */ = {
			isa = PBXGroup;
			children = (
				A5D48F192542A60F00399462 /* Marker.swift */,
				A5D48F242542AE3B00399462 /* UserView.swift */,
			);
			path = Component;
			sourceTree = "<group>";
		};
		A5D48F1F2542AD8600399462 /* Extension */ = {
			isa = PBXGroup;
			children = (
				A5D48F202542AD9B00399462 /* UIView+Ext.swift */,
			);
			path = Extension;
			sourceTree = "<group>";
		};
		CC2500B52541F04300D630D8 /* singletone */ = {
			isa = PBXGroup;
			children = (
				CC2500B62541F09D00D630D8 /* UUID.swift */,
				A549EDD32543510900EC65E3 /* ShowToast.swift */,
			);
			path = singletone;
			sourceTree = "<group>";
		};
		CC8B844E2540231900441445 = {
			isa = PBXGroup;
			children = (
				CC8B84592540231900441445 /* MannaDemo */,
				CC8B84582540231900441445 /* Products */,
				2D48418C432AD12EF6B54211 /* Pods */,
				9BC61FB96D6AEB5AB853DE98 /* Frameworks */,
			);
			sourceTree = "<group>";
		};
		CC8B84582540231900441445 /* Products */ = {
			isa = PBXGroup;
			children = (
				CC8B84572540231900441445 /* MannaDemo.app */,
			);
			name = Products;
			sourceTree = "<group>";
		};
		CC8B84592540231900441445 /* MannaDemo */ = {
			isa = PBXGroup;
			children = (
				A5D48F1F2542AD8600399462 /* Extension */,
				A5D48F182542A5FB00399462 /* Component */,
				CC2500B52541F04300D630D8 /* singletone */,
				A515563725404C5700487BEF /* Map */,
				CCE752492540288F008E0BA1 /* MannaList */,
				A515562B2540290600487BEF /* RegisterUser */,
				CC8B845A2540231A00441445 /* AppDelegate.swift */,
				CC8B845C2540231A00441445 /* SceneDelegate.swift */,
				CC8B845E2540231A00441445 /* ViewController.swift */,
				CC8B84602540231A00441445 /* Main.storyboard */,
				CC8B84632540231A00441445 /* Assets.xcassets */,
				CC8B84652540231A00441445 /* LaunchScreen.storyboard */,
				CC8B84682540231A00441445 /* Info.plist */,
			);
			path = MannaDemo;
			sourceTree = "<group>";
		};
		CCE752492540288F008E0BA1 /* MannaList */ = {
			isa = PBXGroup;
			children = (
				CCF3BC532540444600C7F718 /* Entity */,
				CCE7525725402DCF008E0BA1 /* Component */,
				CCE75253254028FE008E0BA1 /* MannaListViewController.swift */,
				CCE7525C254034EA008E0BA1 /* CreateMannaViewController.swift */,
			);
			path = MannaList;
			sourceTree = "<group>";
		};
		CCE7525725402DCF008E0BA1 /* Component */ = {
			isa = PBXGroup;
			children = (
				CCE7525825402DE5008E0BA1 /* MannaListTableViewCell.swift */,
			);
			path = Component;
			sourceTree = "<group>";
		};
		CCF3BC532540444600C7F718 /* Entity */ = {
			isa = PBXGroup;
			children = (
				CCF3BC542540446500C7F718 /* Manna.swift */,
				CCF3BC58254046BA00C7F718 /* MannaModel.swift */,
				CCEC0F0D2541D9330028B497 /* User.swift */,
			);
			path = Entity;
			sourceTree = "<group>";
		};
/* End PBXGroup section */

/* Begin PBXNativeTarget section */
		CC8B84562540231900441445 /* MannaDemo */ = {
			isa = PBXNativeTarget;
			buildConfigurationList = CC8B846B2540231A00441445 /* Build configuration list for PBXNativeTarget "MannaDemo" */;
			buildPhases = (
				6F5ABE9B779A87F083BB527A /* [CP] Check Pods Manifest.lock */,
				CC8B84532540231900441445 /* Sources */,
				CC8B84542540231900441445 /* Frameworks */,
				CC8B84552540231900441445 /* Resources */,
				6A825E37AA16546978FAF9C4 /* [CP] Embed Pods Frameworks */,
			);
			buildRules = (
			);
			dependencies = (
			);
			name = MannaDemo;
			productName = MannaDemo;
			productReference = CC8B84572540231900441445 /* MannaDemo.app */;
			productType = "com.apple.product-type.application";
		};
/* End PBXNativeTarget section */

/* Begin PBXProject section */
		CC8B844F2540231900441445 /* Project object */ = {
			isa = PBXProject;
			attributes = {
				LastSwiftUpdateCheck = 1200;
				LastUpgradeCheck = 1200;
				TargetAttributes = {
					CC8B84562540231900441445 = {
						CreatedOnToolsVersion = 12.0.1;
					};
				};
			};
			buildConfigurationList = CC8B84522540231900441445 /* Build configuration list for PBXProject "MannaDemo" */;
			compatibilityVersion = "Xcode 9.3";
			developmentRegion = en;
			hasScannedForEncodings = 0;
			knownRegions = (
				en,
				Base,
			);
			mainGroup = CC8B844E2540231900441445;
			productRefGroup = CC8B84582540231900441445 /* Products */;
			projectDirPath = "";
			projectRoot = "";
			targets = (
				CC8B84562540231900441445 /* MannaDemo */,
			);
		};
/* End PBXProject section */

/* Begin PBXResourcesBuildPhase section */
		CC8B84552540231900441445 /* Resources */ = {
			isa = PBXResourcesBuildPhase;
			buildActionMask = 2147483647;
			files = (
				CC8B84672540231A00441445 /* LaunchScreen.storyboard in Resources */,
				CC8B84642540231A00441445 /* Assets.xcassets in Resources */,
				CC8B84622540231A00441445 /* Main.storyboard in Resources */,
			);
			runOnlyForDeploymentPostprocessing = 0;
		};
/* End PBXResourcesBuildPhase section */

/* Begin PBXShellScriptBuildPhase section */
		6A825E37AA16546978FAF9C4 /* [CP] Embed Pods Frameworks */ = {
			isa = PBXShellScriptBuildPhase;
			buildActionMask = 2147483647;
			files = (
			);
			inputFileListPaths = (
				"${PODS_ROOT}/Target Support Files/Pods-MannaDemo/Pods-MannaDemo-frameworks-${CONFIGURATION}-input-files.xcfilelist",
			);
			name = "[CP] Embed Pods Frameworks";
			outputFileListPaths = (
				"${PODS_ROOT}/Target Support Files/Pods-MannaDemo/Pods-MannaDemo-frameworks-${CONFIGURATION}-output-files.xcfilelist",
			);
			runOnlyForDeploymentPostprocessing = 0;
			shellPath = /bin/sh;
			shellScript = "\"${PODS_ROOT}/Target Support Files/Pods-MannaDemo/Pods-MannaDemo-frameworks.sh\"\n";
			showEnvVarsInLog = 0;
		};
		6F5ABE9B779A87F083BB527A /* [CP] Check Pods Manifest.lock */ = {
			isa = PBXShellScriptBuildPhase;
			buildActionMask = 2147483647;
			files = (
			);
			inputFileListPaths = (
			);
			inputPaths = (
				"${PODS_PODFILE_DIR_PATH}/Podfile.lock",
				"${PODS_ROOT}/Manifest.lock",
			);
			name = "[CP] Check Pods Manifest.lock";
			outputFileListPaths = (
			);
			outputPaths = (
				"$(DERIVED_FILE_DIR)/Pods-MannaDemo-checkManifestLockResult.txt",
			);
			runOnlyForDeploymentPostprocessing = 0;
			shellPath = /bin/sh;
			shellScript = "diff \"${PODS_PODFILE_DIR_PATH}/Podfile.lock\" \"${PODS_ROOT}/Manifest.lock\" > /dev/null\nif [ $? != 0 ] ; then\n    # print error to STDERR\n    echo \"error: The sandbox is not in sync with the Podfile.lock. Run 'pod install' or update your CocoaPods installation.\" >&2\n    exit 1\nfi\n# This output is used by Xcode 'outputs' to avoid re-running this script phase.\necho \"SUCCESS\" > \"${SCRIPT_OUTPUT_FILE_0}\"\n";
			showEnvVarsInLog = 0;
		};
/* End PBXShellScriptBuildPhase section */

/* Begin PBXSourcesBuildPhase section */
		CC8B84532540231900441445 /* Sources */ = {
			isa = PBXSourcesBuildPhase;
			buildActionMask = 2147483647;
			files = (
				CC2500B72541F09D00D630D8 /* UUID.swift in Sources */,
				A5155632254029BE00487BEF /* RegisterUserViewController.swift in Sources */,
				A5D48F212542AD9B00399462 /* UIView+Ext.swift in Sources */,
				A5D48F252542AE3B00399462 /* UserView.swift in Sources */,
				CCF3BC552540446500C7F718 /* Manna.swift in Sources */,
				CCF3BC59254046BA00C7F718 /* MannaModel.swift in Sources */,
				CC8B845F2540231A00441445 /* ViewController.swift in Sources */,
				CC8B845B2540231A00441445 /* AppDelegate.swift in Sources */,
				CCE7525D254034EB008E0BA1 /* CreateMannaViewController.swift in Sources */,
				CCE75254254028FE008E0BA1 /* MannaListViewController.swift in Sources */,
				CC8B845D2540231A00441445 /* SceneDelegate.swift in Sources */,
				A549EDD42543510900EC65E3 /* ShowToast.swift in Sources */,
				CCE7525925402DE5008E0BA1 /* MannaListTableViewCell.swift in Sources */,
				CC1CC97125429F490020D4C5 /* MannaCollectionViewCell.swift in Sources */,
				CC1CC96E25429F080020D4C5 /* MannaCollectionView.swift in Sources */,
				A515563925404C9500487BEF /* MapViewController.swift in Sources */,
				CCEC0F0E2541D9330028B497 /* User.swift in Sources */,
				CC1CC96B254297BF0020D4C5 /* BottomSheetViewController.swift in Sources */,
				A5D48F1A2542A60F00399462 /* Marker.swift in Sources */,
			);
			runOnlyForDeploymentPostprocessing = 0;
		};
/* End PBXSourcesBuildPhase section */

/* Begin PBXVariantGroup section */
		CC8B84602540231A00441445 /* Main.storyboard */ = {
			isa = PBXVariantGroup;
			children = (
				CC8B84612540231A00441445 /* Base */,
			);
			name = Main.storyboard;
			sourceTree = "<group>";
		};
		CC8B84652540231A00441445 /* LaunchScreen.storyboard */ = {
			isa = PBXVariantGroup;
			children = (
				CC8B84662540231A00441445 /* Base */,
			);
			name = LaunchScreen.storyboard;
			sourceTree = "<group>";
		};
/* End PBXVariantGroup section */

/* Begin XCBuildConfiguration section */
		CC8B84692540231A00441445 /* Debug */ = {
			isa = XCBuildConfiguration;
			buildSettings = {
				ALWAYS_SEARCH_USER_PATHS = NO;
				CLANG_ANALYZER_NONNULL = YES;
				CLANG_ANALYZER_NUMBER_OBJECT_CONVERSION = YES_AGGRESSIVE;
				CLANG_CXX_LANGUAGE_STANDARD = "gnu++14";
				CLANG_CXX_LIBRARY = "libc++";
				CLANG_ENABLE_MODULES = YES;
				CLANG_ENABLE_OBJC_ARC = YES;
				CLANG_ENABLE_OBJC_WEAK = YES;
				CLANG_WARN_BLOCK_CAPTURE_AUTORELEASING = YES;
				CLANG_WARN_BOOL_CONVERSION = YES;
				CLANG_WARN_COMMA = YES;
				CLANG_WARN_CONSTANT_CONVERSION = YES;
				CLANG_WARN_DEPRECATED_OBJC_IMPLEMENTATIONS = YES;
				CLANG_WARN_DIRECT_OBJC_ISA_USAGE = YES_ERROR;
				CLANG_WARN_DOCUMENTATION_COMMENTS = YES;
				CLANG_WARN_EMPTY_BODY = YES;
				CLANG_WARN_ENUM_CONVERSION = YES;
				CLANG_WARN_INFINITE_RECURSION = YES;
				CLANG_WARN_INT_CONVERSION = YES;
				CLANG_WARN_NON_LITERAL_NULL_CONVERSION = YES;
				CLANG_WARN_OBJC_IMPLICIT_RETAIN_SELF = YES;
				CLANG_WARN_OBJC_LITERAL_CONVERSION = YES;
				CLANG_WARN_OBJC_ROOT_CLASS = YES_ERROR;
				CLANG_WARN_QUOTED_INCLUDE_IN_FRAMEWORK_HEADER = YES;
				CLANG_WARN_RANGE_LOOP_ANALYSIS = YES;
				CLANG_WARN_STRICT_PROTOTYPES = YES;
				CLANG_WARN_SUSPICIOUS_MOVE = YES;
				CLANG_WARN_UNGUARDED_AVAILABILITY = YES_AGGRESSIVE;
				CLANG_WARN_UNREACHABLE_CODE = YES;
				CLANG_WARN__DUPLICATE_METHOD_MATCH = YES;
				COPY_PHASE_STRIP = NO;
				DEBUG_INFORMATION_FORMAT = dwarf;
				ENABLE_STRICT_OBJC_MSGSEND = YES;
				ENABLE_TESTABILITY = YES;
				GCC_C_LANGUAGE_STANDARD = gnu11;
				GCC_DYNAMIC_NO_PIC = NO;
				GCC_NO_COMMON_BLOCKS = YES;
				GCC_OPTIMIZATION_LEVEL = 0;
				GCC_PREPROCESSOR_DEFINITIONS = (
					"DEBUG=1",
					"$(inherited)",
				);
				GCC_WARN_64_TO_32_BIT_CONVERSION = YES;
				GCC_WARN_ABOUT_RETURN_TYPE = YES_ERROR;
				GCC_WARN_UNDECLARED_SELECTOR = YES;
				GCC_WARN_UNINITIALIZED_AUTOS = YES_AGGRESSIVE;
				GCC_WARN_UNUSED_FUNCTION = YES;
				GCC_WARN_UNUSED_VARIABLE = YES;
				IPHONEOS_DEPLOYMENT_TARGET = 13.5;
				MTL_ENABLE_DEBUG_INFO = INCLUDE_SOURCE;
				MTL_FAST_MATH = YES;
				ONLY_ACTIVE_ARCH = YES;
				SDKROOT = iphoneos;
				SWIFT_ACTIVE_COMPILATION_CONDITIONS = DEBUG;
				SWIFT_OPTIMIZATION_LEVEL = "-Onone";
			};
			name = Debug;
		};
		CC8B846A2540231A00441445 /* Release */ = {
			isa = XCBuildConfiguration;
			buildSettings = {
				ALWAYS_SEARCH_USER_PATHS = NO;
				CLANG_ANALYZER_NONNULL = YES;
				CLANG_ANALYZER_NUMBER_OBJECT_CONVERSION = YES_AGGRESSIVE;
				CLANG_CXX_LANGUAGE_STANDARD = "gnu++14";
				CLANG_CXX_LIBRARY = "libc++";
				CLANG_ENABLE_MODULES = YES;
				CLANG_ENABLE_OBJC_ARC = YES;
				CLANG_ENABLE_OBJC_WEAK = YES;
				CLANG_WARN_BLOCK_CAPTURE_AUTORELEASING = YES;
				CLANG_WARN_BOOL_CONVERSION = YES;
				CLANG_WARN_COMMA = YES;
				CLANG_WARN_CONSTANT_CONVERSION = YES;
				CLANG_WARN_DEPRECATED_OBJC_IMPLEMENTATIONS = YES;
				CLANG_WARN_DIRECT_OBJC_ISA_USAGE = YES_ERROR;
				CLANG_WARN_DOCUMENTATION_COMMENTS = YES;
				CLANG_WARN_EMPTY_BODY = YES;
				CLANG_WARN_ENUM_CONVERSION = YES;
				CLANG_WARN_INFINITE_RECURSION = YES;
				CLANG_WARN_INT_CONVERSION = YES;
				CLANG_WARN_NON_LITERAL_NULL_CONVERSION = YES;
				CLANG_WARN_OBJC_IMPLICIT_RETAIN_SELF = YES;
				CLANG_WARN_OBJC_LITERAL_CONVERSION = YES;
				CLANG_WARN_OBJC_ROOT_CLASS = YES_ERROR;
				CLANG_WARN_QUOTED_INCLUDE_IN_FRAMEWORK_HEADER = YES;
				CLANG_WARN_RANGE_LOOP_ANALYSIS = YES;
				CLANG_WARN_STRICT_PROTOTYPES = YES;
				CLANG_WARN_SUSPICIOUS_MOVE = YES;
				CLANG_WARN_UNGUARDED_AVAILABILITY = YES_AGGRESSIVE;
				CLANG_WARN_UNREACHABLE_CODE = YES;
				CLANG_WARN__DUPLICATE_METHOD_MATCH = YES;
				COPY_PHASE_STRIP = NO;
				DEBUG_INFORMATION_FORMAT = "dwarf-with-dsym";
				ENABLE_NS_ASSERTIONS = NO;
				ENABLE_STRICT_OBJC_MSGSEND = YES;
				GCC_C_LANGUAGE_STANDARD = gnu11;
				GCC_NO_COMMON_BLOCKS = YES;
				GCC_WARN_64_TO_32_BIT_CONVERSION = YES;
				GCC_WARN_ABOUT_RETURN_TYPE = YES_ERROR;
				GCC_WARN_UNDECLARED_SELECTOR = YES;
				GCC_WARN_UNINITIALIZED_AUTOS = YES_AGGRESSIVE;
				GCC_WARN_UNUSED_FUNCTION = YES;
				GCC_WARN_UNUSED_VARIABLE = YES;
				IPHONEOS_DEPLOYMENT_TARGET = 13.5;
				MTL_ENABLE_DEBUG_INFO = NO;
				MTL_FAST_MATH = YES;
				SDKROOT = iphoneos;
				SWIFT_COMPILATION_MODE = wholemodule;
				SWIFT_OPTIMIZATION_LEVEL = "-O";
				VALIDATE_PRODUCT = YES;
			};
			name = Release;
		};
		CC8B846C2540231A00441445 /* Debug */ = {
			isa = XCBuildConfiguration;
			baseConfigurationReference = F05EEAB596BC60F316DCC8BA /* Pods-MannaDemo.debug.xcconfig */;
			buildSettings = {
				ASSETCATALOG_COMPILER_APPICON_NAME = AppIcon;
				ASSETCATALOG_COMPILER_GLOBAL_ACCENT_COLOR_NAME = AccentColor;
				CODE_SIGN_STYLE = Automatic;
				DEVELOPMENT_TEAM = DH7PS64634;
				INFOPLIST_FILE = MannaDemo/Info.plist;
				LD_RUNPATH_SEARCH_PATHS = (
					"$(inherited)",
					"@executable_path/Frameworks",
				);
				PRODUCT_BUNDLE_IDENTIFIER = com.MannaDemo;
				PRODUCT_NAME = "$(TARGET_NAME)";
				SWIFT_VERSION = 5.0;
				TARGETED_DEVICE_FAMILY = "1,2";
			};
			name = Debug;
		};
		CC8B846D2540231A00441445 /* Release */ = {
			isa = XCBuildConfiguration;
			baseConfigurationReference = 12E1B65D9483B6E9E3DCA74F /* Pods-MannaDemo.release.xcconfig */;
			buildSettings = {
				ASSETCATALOG_COMPILER_APPICON_NAME = AppIcon;
				ASSETCATALOG_COMPILER_GLOBAL_ACCENT_COLOR_NAME = AccentColor;
				CODE_SIGN_STYLE = Automatic;
				DEVELOPMENT_TEAM = DH7PS64634;
				INFOPLIST_FILE = MannaDemo/Info.plist;
				LD_RUNPATH_SEARCH_PATHS = (
					"$(inherited)",
					"@executable_path/Frameworks",
				);
				PRODUCT_BUNDLE_IDENTIFIER = com.MannaDemo;
				PRODUCT_NAME = "$(TARGET_NAME)";
				SWIFT_VERSION = 5.0;
				TARGETED_DEVICE_FAMILY = "1,2";
			};
			name = Release;
		};
/* End XCBuildConfiguration section */

/* Begin XCConfigurationList section */
		CC8B84522540231900441445 /* Build configuration list for PBXProject "MannaDemo" */ = {
			isa = XCConfigurationList;
			buildConfigurations = (
				CC8B84692540231A00441445 /* Debug */,
				CC8B846A2540231A00441445 /* Release */,
			);
			defaultConfigurationIsVisible = 0;
			defaultConfigurationName = Release;
		};
		CC8B846B2540231A00441445 /* Build configuration list for PBXNativeTarget "MannaDemo" */ = {
			isa = XCConfigurationList;
			buildConfigurations = (
				CC8B846C2540231A00441445 /* Debug */,
				CC8B846D2540231A00441445 /* Release */,
			);
			defaultConfigurationIsVisible = 0;
			defaultConfigurationName = Release;
		};
/* End XCConfigurationList section */
	};
	rootObject = CC8B844F2540231900441445 /* Project object */;
}
